
Microsoft Visual Studio Solution File, Format Version 12.00
# Visual Studio Version 17
VisualStudioVersion = 17.10.34916.146
MinimumVisualStudioVersion = 10.0.40219.1
Project("{FAE04EC0-301F-11D3-BF4B-00C04F79EFBC}") = "TekstTukling", "TekstTukling\TekstTukling.csproj", "{E623D5F7-9F2D-42C2-B0AC-F089E4662203}"
EndProject
Global
	GlobalSection(SolutionConfigurationPlatforms) = preSolution
		Debug|Any CPU = Debug|Any CPU
		Release|Any CPU = Release|Any CPU
	EndGlobalSection
	GlobalSection(ProjectConfigurationPlatforms) = postSolution
		{E623D5F7-9F2D-42C2-B0AC-F089E4662203}.Debug|Any CPU.ActiveCfg = Debug|Any CPU
		{E623D5F7-9F2D-42C2-B0AC-F089E4662203}.Debug|Any CPU.Build.0 = Debug|Any CPU
		{E623D5F7-9F2D-42C2-B0AC-F089E4662203}.Release|Any CPU.ActiveCfg = Release|Any CPU
		{E623D5F7-9F2D-42C2-B0AC-F089E4662203}.Release|Any CPU.Build.0 = Release|Any CPU
	EndGlobalSection
	GlobalSection(SolutionProperties) = preSolution
		HideSolutionNode = FALSE
	EndGlobalSection
	GlobalSection(ExtensibilityGlobals) = postSolution
		SolutionGuid = {DA4B12EE-3FB7-4544-AD32-2A1DA450EF9A}
	EndGlobalSection
EndGlobal
